{
  "object": {
    "pins": [
      {
        "package": "HDXLTestingUtilities",
        "repositoryURL": "https://github.com/plx/HDXLTestingUtilities",
        "state": {
          "branch": null,
          "revision": "29588df1f073b43137a21d5c20c0267299a0147d",
          "version": "0.0.8"
        }
      },
      {
        "package": "swift-numerics",
        "repositoryURL": "https://github.com/apple/swift-numerics",
        "state": {
          "branch": null,
          "revision": "5dfc460876510988560170cee3702ab01b89587a",
          "version": "0.0.5"
        }
      }
    ]
  },
  "version": 1
}
