{
  "object": {
    "pins": [
      {
        "package": "HDXLTestingUtilities",
        "repositoryURL": "https://github.com/plx/HDXLTestingUtilities",
        "state": {
          "branch": null,
          "revision": "a0f5e62f5952e4d3a12c392e5496e8889f9333d6",
          "version": "0.0.6"
        }
      },
      {
        "package": "swift-numerics",
        "repositoryURL": "https://github.com/apple/swift-numerics",
        "state": {
          "branch": null,
          "revision": "5dfc460876510988560170cee3702ab01b89587a",
          "version": "0.0.5"
        }
      }
    ]
  },
  "version": 1
}
